Microsoft Visual Studio Solution File, Format Version 12.00
# Visual Studio Version 17
VisualStudioVersion = 17.5.2.0
MinimumVisualStudioVersion = 10.0.40219.1
Project("{FAE04EC0-301F-11D3-BF4B-00C04F79EFBC}") = "InternationalPhoneEntry", "InternationalPhoneEntry.csproj", "{3F2C9AB6-9907-F9CA-8B07-10C7794C1706}"
EndProject
Global
	GlobalSection(SolutionConfigurationPlatforms) = preSolution
		Debug|Any CPU = Debug|Any CPU
		Release|Any CPU = Release|Any CPU
	EndGlobalSection
	GlobalSection(ProjectConfigurationPlatforms) = postSolution
		{3F2C9AB6-9907-F9CA-8B07-10C7794C1706}.Debug|Any CPU.ActiveCfg = Debug|Any CPU
		{3F2C9AB6-9907-F9CA-8B07-10C7794C1706}.Debug|Any CPU.Build.0 = Debug|Any CPU
		{3F2C9AB6-9907-F9CA-8B07-10C7794C1706}.Release|Any CPU.ActiveCfg = Release|Any CPU
		{3F2C9AB6-9907-F9CA-8B07-10C7794C1706}.Release|Any CPU.Build.0 = Release|Any CPU
	EndGlobalSection
	GlobalSection(SolutionProperties) = preSolution
		HideSolutionNode = FALSE
	EndGlobalSection
	GlobalSection(ExtensibilityGlobals) = postSolution
		SolutionGuid = {968AF200-9CF0-4CEC-B56F-8B7F8BC47F49}
	EndGlobalSection
EndGlobal
